
Microsoft Visual Studio Solution File, Format Version 12.00
# Visual Studio Version 17
VisualStudioVersion = 17.8.34322.80
MinimumVisualStudioVersion = 10.0.40219.1
Project("{9A19103F-16F7-4668-BE54-9A1E7A4F7556}") = "apiTransferencia", "apiTransferencia.csproj", "{DB25A397-05D9-42F8-9115-B9D33DF2B3EA}"
EndProject
Global
	GlobalSection(SolutionConfigurationPlatforms) = preSolution
		Debug|Any CPU = Debug|Any CPU
		Release|Any CPU = Release|Any CPU
	EndGlobalSection
	GlobalSection(ProjectConfigurationPlatforms) = postSolution
		{DB25A397-05D9-42F8-9115-B9D33DF2B3EA}.Debug|Any CPU.ActiveCfg = Debug|Any CPU
		{DB25A397-05D9-42F8-9115-B9D33DF2B3EA}.Debug|Any CPU.Build.0 = Debug|Any CPU
		{DB25A397-05D9-42F8-9115-B9D33DF2B3EA}.Release|Any CPU.ActiveCfg = Release|Any CPU
		{DB25A397-05D9-42F8-9115-B9D33DF2B3EA}.Release|Any CPU.Build.0 = Release|Any CPU
	EndGlobalSection
	GlobalSection(SolutionProperties) = preSolution
		HideSolutionNode = FALSE
	EndGlobalSection
	GlobalSection(ExtensibilityGlobals) = postSolution
		SolutionGuid = {B6ABC4E2-EA81-49EC-92AA-91D650FEAF54}
	EndGlobalSection
EndGlobal
